{
  "lockfileVersion": 1,
  "configVersion": 1,
  "workspaces": {
    "": {
      "name": "archer-market-maker-workspace",
      "devDependencies": {
        "@codama/nodes-from-anchor": "^1.5.5",
        "@codama/renderers-js": "^2.4.0",
        "@codama/visitors": "^1.10.2",
        "codama": "^1.10.2",
      },
    },
    "ts": {
      "name": "archer-market-maker-ts",
      "version": "0.1.0",
      "dependencies": {
        "@iarna/toml": "^2.2.5",
        "@solana-program/compute-budget": "^0.18.0",
        "@solana-program/token": "^0.16.0",
        "@solana-program/token-2022": "^0.16.0",
        "@solana/kit": "^8.0.0",
        "@solana/program-client-core": "^8.0.0",
        "commander": "^15.0.0",
        "zod": "^4.4.3",
      },
      "devDependencies": {
        "@types/bun": "^1.4.0",
      },
    },
  },
  "packages": {
    "@codama/cli": ["@codama/cli@1.6.2", "", { "dependencies": { "@codama/nodes": "1.10.2", "@codama/visitors": "1.10.2", "@codama/visitors-core": "1.10.2", "commander": "^15.0.0", "picocolors": "^1.1.1", "prompts": "^2.4.2" }, "bin": { "codama": "bin/cli.cjs" } }, "sha512-UFrWJxtELsPHOoG8soVuUqv/nSSUebLccaN3WQ43+5J7pFBetscEUsoy20lzV2gxYEfvYf6JqyuIUXGDmtnj9g=="],

    "@codama/errors": ["@codama/errors@1.10.2", "", { "dependencies": { "@codama/node-types": "1.10.2", "commander": "^15.0.0", "picocolors": "^1.1.1" }, "bin": { "errors": "bin/cli.cjs" } }, "sha512-relp9Inq9QkhZ0JUklKujSFWLkVfQSsn2/ms303vsGVWlFBXQmoEsmZCVKgJ7k5APNBbsD8Hc9GGU4J+P05SLA=="],

    "@codama/fragments": ["@codama/fragments@0.1.5", "", { "dependencies": { "@codama/errors": "1.10.2" } }, "sha512-aisr+cdayABykLhysE1pcDWMJJZNAAWyi5NEzkMLpyTmQrhIK6Mca14gSJIw3a0uo3E5s5Zc4d6gsxRjfYpLuw=="],

    "@codama/node-types": ["@codama/node-types@1.10.2", "", {}, "sha512-qFHqpuCmAoJy9ggkLadtug2Nlmnai6LrEmr+sfsK6dEJVOFGMNBR4dxwheziOu/Sn9oWGfnFfKbzQIdWE0qHHg=="],

    "@codama/nodes": ["@codama/nodes@1.10.2", "", { "dependencies": { "@codama/errors": "1.10.2", "@codama/node-types": "1.10.2" } }, "sha512-wR2LKg6/GQ+ctgOiH9XPVb7ktq+gu7X/WEiCk45d4L1+P/JJh2kJeS/sMbktrgJNimcoO2G1Ms3+eUDjrwfo5g=="],

    "@codama/nodes-from-anchor": ["@codama/nodes-from-anchor@1.5.5", "", { "dependencies": { "@codama/errors": "1.10.2", "@codama/nodes": "1.10.2", "@codama/visitors": "1.10.2", "@noble/hashes": "^2.3.0", "@solana/codecs": "^7.1.0" } }, "sha512-+HQUKzQpSh8EHm+fwxXVTvhPI46yTm1HzLvRJK1mkTJ1w4bymknhyWsLn1NRVDcAIixPZLsvLKujJTn+8IcoZg=="],

    "@codama/renderers-core": ["@codama/renderers-core@1.4.0", "", { "dependencies": { "@codama/errors": "1.10.2", "@codama/fragments": "0.1.5", "@codama/nodes": "1.10.2", "@codama/visitors-core": "1.10.2" } }, "sha512-JkqKWaN5nKampHgJ3jWh7u6kNPrwp7DB/lpkyS1hpL6NiC45tZGie6foaq8TnSTpaVPtVsL8Q46AP1MZpongpg=="],

    "@codama/renderers-js": ["@codama/renderers-js@2.4.0", "", { "dependencies": { "@codama/errors": "^1.10.0", "@codama/nodes": "^1.10.0", "@codama/renderers-core": "^1.3.11", "@codama/visitors-core": "^1.10.0", "@solana/codecs-strings": "^7.0.0", "prettier": "^3.8.1", "semver": "^7.7.3" } }, "sha512-nLmLy8eSaBtnff5OE85SXvdL4rN4QSkCSZfZ4856zwnPndP/UzV/RBNoZOp1+muMj1VIKMZ1gXLzKQjDeYM3EA=="],

    "@codama/validators": ["@codama/validators@1.10.2", "", { "dependencies": { "@codama/errors": "1.10.2", "@codama/nodes": "1.10.2", "@codama/visitors-core": "1.10.2" } }, "sha512-Ppf8qcbBMclncrTLZU/bxi2Y5Gf9cTg1SybHTIDankOholgRWzf8wdZ40Vc/BaphY223pHOUBXiEmwZ6eTRX7A=="],

    "@codama/visitors": ["@codama/visitors@1.10.2", "", { "dependencies": { "@codama/errors": "1.10.2", "@codama/nodes": "1.10.2", "@codama/visitors-core": "1.10.2" } }, "sha512-DUkpq9TEuevg4mEOW9fyBJiYHGzj6ByNtgVAyLRWcUEz6Mz3Qn8+lRDpqqVyuzRbAdurf9bWsO8ln+zswPP4hg=="],

    "@codama/visitors-core": ["@codama/visitors-core@1.10.2", "", { "dependencies": { "@codama/errors": "1.10.2", "@codama/nodes": "1.10.2", "json-stable-stringify": "^1.3.0" } }, "sha512-hxoISIWUUiu9Ma97OxsXl3Db5qvYmqUm9JVCf6MCb/+uE5nd4U/jZuTIKQFLulitiGRWhQr8IJI16YgO79Nuyw=="],

    "@iarna/toml": ["@iarna/toml@2.2.5", "", {}, "sha512-trnsAYxU3xnS1gPHPyU961coFyLkh4gAD/0zQ5mymY4yOZ+CYvsPqUbOFSw0aDM4y0tV7tiFxL/1XfXPNC6IPg=="],

    "@noble/curves": ["@noble/curves@1.9.7", "", { "dependencies": { "@noble/hashes": "1.8.0" } }, "sha512-gbKGcRUYIjA3/zCCNaWDciTMFI0dCkvou3TL8Zmy5Nc7sJ47a0jtOeZoTaMxkuqRo9cRhjOdZJXegxYE5FN/xw=="],

    "@noble/hashes": ["@noble/hashes@2.3.0", "", {}, "sha512-oN+QwyX7VSHotibwubG3kpzbwKrfnyR6OOO+3Nk/53ADL7FmgHHz4TgrbaYKvvOw09u6QTx0oiH1cNCIOuN0CQ=="],

    "@solana-program/compute-budget": ["@solana-program/compute-budget@0.18.0", "", { "peerDependencies": { "@solana/kit": "^8.0.0" } }, "sha512-tmLtJ4mtxsmkj1QH5JQ9BphzMBgiCgRqb5chAiPlFEvyVaJ+UQfLRredVfaU2pTBR0sjnI31zIvz8VzgWu5IlQ=="],

    "@solana-program/record": ["@solana-program/record@0.4.0", "", { "dependencies": { "@solana-program/system": "^0.14.0" }, "peerDependencies": { "@solana/kit": "^8.0.0" } }, "sha512-d4HSGdfiY8TMJHprbw4Zo5ZI+FiMRrh7zJ9nrddAM59Qbp7Rl88wQdATedbs7cXqW8zE/VRHGYdajairqNrbYg=="],

    "@solana-program/system": ["@solana-program/system@0.14.0", "", { "peerDependencies": { "@solana/kit": "^8.0.0" } }, "sha512-Pjs2RINZHYmk/pqWNBCuQmfNjZT9woPJ/w7QkzzCSwcqcokbARtxsnIdgj4lJVxvr1DuxG8JGIbKnq6z1QRY6Q=="],

    "@solana-program/token": ["@solana-program/token@0.16.0", "", { "dependencies": { "@solana-program/system": "^0.14.0" }, "peerDependencies": { "@solana/kit": "^8.0.0" } }, "sha512-VuFIu5vXsw1zwqls4/sGB88234oucmpuig553A33UnrbYnPZ8yXmqLYULBD92/k1pCGnMK+NMLWvsKzlZQ/1Kw=="],

    "@solana-program/token-2022": ["@solana-program/token-2022@0.16.0", "", { "dependencies": { "@noble/curves": "^1.9.7", "@solana-program/record": "^0.4.0", "@solana-program/system": "^0.14.0", "@solana-program/zk-elgamal-proof": "^0.4.0" }, "peerDependencies": { "@solana/kit": "^8.0.0", "@solana/sysvars": "^8.0.0", "@solana/zk-sdk": "^0.5.1" }, "optionalPeers": ["@solana/zk-sdk"] }, "sha512-s3EgLnKEbhWI3kUR9/GlcOFDfL/OfXQnQ3m/YoEHLR4uQ/nSRtM2nFeUJ6Vbt+lmpXSJpyVurN7Kr/NTkY9Eqg=="],

    "@solana-program/zk-elgamal-proof": ["@solana-program/zk-elgamal-proof@0.4.0", "", { "dependencies": { "@solana-program/system": "^0.14.0" }, "peerDependencies": { "@solana/kit": "^8.0.0" } }, "sha512-bf2Q3f25xcCNaLm/MR4lwoAguJzEW2eeLdrJb6rUjMcA63qcgyJOWl6To7Bn4e+0OyWBa+J7YP2BUhi//VPz3g=="],

    "@solana/accounts": ["@solana/accounts@8.0.0", "", { "dependencies": { "@solana/addresses": "8.0.0", "@solana/codecs-core": "8.0.0", "@solana/codecs-strings": "8.0.0", "@solana/errors": "8.0.0", "@solana/rpc-spec": "8.0.0", "@solana/rpc-types": "8.0.0" }, "peerDependencies": { "typescript": ">=5.4.0" }, "optionalPeers": ["typescript"] }, "sha512-+uqFCoI/P9oo0FGR3t3TJJxi0aoAdaEvFXzZCfNoLH5txZLTiw6/d/9QCSE/FXpbNZfk0VPGWcGN+QAXp/yrRA=="],

    "@solana/addresses": ["@solana/addresses@8.0.0", "", { "dependencies": { "@solana/assertions": "8.0.0", "@solana/codecs-core": "8.0.0", "@solana/codecs-strings": "8.0.0", "@solana/errors": "8.0.0", "@solana/nominal-types": "8.0.0" }, "peerDependencies": { "typescript": ">=5.4.0" }, "optionalPeers": ["typescript"] }, "sha512-hPtZOGxeMVEVoXleEsYcOj1mhxtvUTeEivE3iqCT7HJGGnYZFaV0/MduoqsEMiaBM+2ggjpVh9V7QoXPJIhbhw=="],

    "@solana/assertions": ["@solana/assertions@8.0.0", "", { "dependencies": { "@solana/errors": "8.0.0" }, "peerDependencies": { "typescript": ">=5.4.0" }, "optionalPeers": ["typescript"] }, "sha512-qvS9Jicl3ZKc4QkRhz6ZT32E/hmPMR3CkGaQccG8JhMVbOSJBK6+18IO2T03K1kNGnP335FDDL6H/Yzw0IhQ7g=="],

    "@solana/codecs": ["@solana/codecs@7.1.1", "", { "dependencies": { "@solana/codecs-core": "7.1.1", "@solana/codecs-data-structures": "7.1.1", "@solana/codecs-numbers": "7.1.1", "@solana/codecs-strings": "7.1.1", "@solana/fixed-points": "7.1.1", "@solana/options": "7.1.1" }, "peerDependencies": { "typescript": ">=5.4.0" }, "optionalPeers": ["typescript"] }, "sha512-1ZErMXzbbz7+jusem58dMO1haVWNlvFYKftc2dPhFu9MqlmZRfPS06GiZDjlLnD/6PHHBy7OKFMASoYw+fBAKg=="],

    "@solana/codecs-core": ["@solana/codecs-core@8.0.0", "", { "dependencies": { "@solana/errors": "8.0.0" }, "peerDependencies": { "typescript": ">=5.4.0" }, "optionalPeers": ["typescript"] }, "sha512-WU/W1IEssIae1rKfJHAwuxvbnhwFH9+WCjD+l4oK2TiKgRDIdO3ndF58ABl5hFqgISCthHxeiFqBtd8C8EhzWw=="],

    "@solana/codecs-data-structures": ["@solana/codecs-data-structures@7.1.1", "", { "dependencies": { "@solana/codecs-core": "7.1.1", "@solana/codecs-numbers": "7.1.1", "@solana/errors": "7.1.1" }, "peerDependencies": { "typescript": ">=5.4.0" }, "optionalPeers": ["typescript"] }, "sha512-MO+wMAuaatAQ96N3HhTsd7Uno+79rJw88P+OiU2n+pHK/rZuyu1yB2j12veqK4jUNWPR0aOyCuZ4rB2idrDjpg=="],

    "@solana/codecs-numbers": ["@solana/codecs-numbers@7.1.1", "", { "dependencies": { "@solana/codecs-core": "7.1.1", "@solana/errors": "7.1.1" }, "peerDependencies": { "typescript": ">=5.4.0" }, "optionalPeers": ["typescript"] }, "sha512-TWWrQq6Wp5Yf5bSc6RbxDDYCRUBBmRtRgjvUMHGp0P9K+4uFwxllRjSZFzBPHgXj3UTeZmFJdcoD271QhAgibg=="],

    "@solana/codecs-strings": ["@solana/codecs-strings@7.1.1", "", { "dependencies": { "@solana/codecs-core": "7.1.1", "@solana/codecs-numbers": "7.1.1", "@solana/errors": "7.1.1" }, "peerDependencies": { "fastestsmallesttextencoderdecoder": "^1.0.22", "typescript": ">=5.4.0" }, "optionalPeers": ["fastestsmallesttextencoderdecoder", "typescript"] }, "sha512-6qWl+atG60D2LmP47GyGapQFhVsG1sVhVrEaM3lV09vwrGOMeOZARZ4ObaQ5m6uQmM04G+f8dY9d17nCMbGHGg=="],

    "@solana/errors": ["@solana/errors@8.0.0", "", { "dependencies": { "chalk": "5.6.2", "commander": "15.0.0" }, "peerDependencies": { "typescript": ">=5.4.0" }, "optionalPeers": ["typescript"], "bin": { "errors": "bin/cli.mjs" } }, "sha512-S7vuD1EWVkp2OX9J7fQW7j7nGP3e+iuscDktheMDxpM/5d9GwfjjNiFDTOQB/SwEKuFd9PnZ5Wq5MmMBJxVSrw=="],

    "@solana/fast-stable-stringify": ["@solana/fast-stable-stringify@8.0.0", "", { "peerDependencies": { "typescript": ">=5.4.0" }, "optionalPeers": ["typescript"] }, "sha512-2cg1e6ytDOtID8AnoqdIC0vzmEo5J2N96RtON6+nuyYjaOKH+i8T5nLmUAmVpcozcdntp899MfGGrUcxHJ/7Sw=="],

    "@solana/fixed-points": ["@solana/fixed-points@7.1.1", "", { "dependencies": { "@solana/codecs-core": "7.1.1", "@solana/errors": "7.1.1" }, "peerDependencies": { "typescript": ">=5.4.0" }, "optionalPeers": ["typescript"] }, "sha512-qPj/V7kcFG/P0kuEa1U529+5L6mbkMwRIwvYBTDgBqPOt6wOdk9/c7Qn2VUQgSV0HgCXWxdHUdwaxBrYqO2ibg=="],

    "@solana/functional": ["@solana/functional@8.0.0", "", { "peerDependencies": { "typescript": ">=5.4.0" }, "optionalPeers": ["typescript"] }, "sha512-w5GZeeLJQyIBc21PRWPzOs7M+7aKJdbklA5cqzSx7u5cNjJQ9VDs7/JkPTtgTzrhNIqa7jqZRNf97ecx7dQVvg=="],

    "@solana/instruction-plans": ["@solana/instruction-plans@8.0.0", "", { "dependencies": { "@solana/errors": "8.0.0", "@solana/instructions": "8.0.0", "@solana/keys": "8.0.0", "@solana/promises": "8.0.0", "@solana/transaction-messages": "8.0.0", "@solana/transactions": "8.0.0" }, "peerDependencies": { "typescript": ">=5.4.0" }, "optionalPeers": ["typescript"] }, "sha512-sD9W72Pn59UT1swV5wwR7uFpBdAUAc+o2Am3fEFZbm24HWQVhcV5rOmCZqzu/dlU10puFFra28AEVq20o5crAg=="],

    "@solana/instructions": ["@solana/instructions@8.0.0", "", { "dependencies": { "@solana/codecs-core": "8.0.0", "@solana/errors": "8.0.0" }, "peerDependencies": { "typescript": ">=5.4.0" }, "optionalPeers": ["typescript"] }, "sha512-xcToa7n5IBnjaKfOBwHwj2UU+wmE7Rvh8jLFHRrSeAXzqZkABDviMrrKAPdcgD+/lhnofyuz1cYLH6cuc5hdnQ=="],

    "@solana/keys": ["@solana/keys@8.0.0", "", { "dependencies": { "@solana/assertions": "8.0.0", "@solana/codecs-core": "8.0.0", "@solana/codecs-strings": "8.0.0", "@solana/errors": "8.0.0", "@solana/nominal-types": "8.0.0", "@solana/promises": "8.0.0" }, "peerDependencies": { "typescript": ">=5.4.0" }, "optionalPeers": ["typescript"] }, "sha512-nUg748MurpMmfVoWYwshpxrWsJZIcJ31mYf9xm1Z7NV0fySWyZYhgQbrEtONpMW6TPt2kpgBYDVKWs/wAyPokw=="],

    "@solana/kit": ["@solana/kit@8.0.0", "", { "dependencies": { "@solana/accounts": "8.0.0", "@solana/addresses": "8.0.0", "@solana/codecs": "8.0.0", "@solana/errors": "8.0.0", "@solana/functional": "8.0.0", "@solana/instruction-plans": "8.0.0", "@solana/instructions": "8.0.0", "@solana/keys": "8.0.0", "@solana/offchain-messages": "8.0.0", "@solana/plugin-core": "8.0.0", "@solana/plugin-interfaces": "8.0.0", "@solana/program-client-core": "8.0.0", "@solana/programs": "8.0.0", "@solana/promises": "8.0.0", "@solana/rpc": "8.0.0", "@solana/rpc-api": "8.0.0", "@solana/rpc-parsed-types": "8.0.0", "@solana/rpc-spec-types": "8.0.0", "@solana/rpc-subscriptions": "8.0.0", "@solana/rpc-types": "8.0.0", "@solana/signers": "8.0.0", "@solana/subscribable": "8.0.0", "@solana/sysvars": "8.0.0", "@solana/transaction-confirmation": "8.0.0", "@solana/transaction-introspection": "8.0.0", "@solana/transaction-messages": "8.0.0", "@solana/transactions": "8.0.0" }, "peerDependencies": { "typescript": ">=5.4.0" }, "optionalPeers": ["typescript"] }, "sha512-HAruLcW5OPVJu/T/NeMHFTPC8c6De1TjXsOGF8ZablZV14ytlyx2CwyIkOJeU2WTRq1WNM933RI/XuOBUCPrtA=="],

    "@solana/nominal-types": ["@solana/nominal-types@8.0.0", "", { "peerDependencies": { "typescript": ">=5.4.0" }, "optionalPeers": ["typescript"] }, "sha512-aCvkLVfJLy7q0xSbzJXLMZkLEDtxbQZtJKJJAsdi7u40KwkK4ZLITLYc7wbIVKCpxLJcs1XspwJKLZGlcFGwSQ=="],

    "@solana/offchain-messages": ["@solana/offchain-messages@8.0.0", "", { "dependencies": { "@solana/addresses": "8.0.0", "@solana/codecs-core": "8.0.0", "@solana/codecs-data-structures": "8.0.0", "@solana/codecs-numbers": "8.0.0", "@solana/codecs-strings": "8.0.0", "@solana/errors": "8.0.0", "@solana/keys": "8.0.0", "@solana/nominal-types": "8.0.0" }, "peerDependencies": { "typescript": ">=5.4.0" }, "optionalPeers": ["typescript"] }, "sha512-wynBOsq3bwwqDG+KIUK9/5hNlo/tpRjmUf+VcFWUdD0LgSRr9NtF8QL2/Modj/m+Xj1iFkjfP+p8f94iGUF56g=="],

    "@solana/options": ["@solana/options@7.1.1", "", { "dependencies": { "@solana/codecs-core": "7.1.1", "@solana/codecs-data-structures": "7.1.1", "@solana/codecs-numbers": "7.1.1", "@solana/codecs-strings": "7.1.1", "@solana/errors": "7.1.1" }, "peerDependencies": { "typescript": ">=5.4.0" }, "optionalPeers": ["typescript"] }, "sha512-iuPpfMbnRFjC4IoAIpKNA9UpizomxjW0E3F1LxUYQHXm1vCoF78kThp4qqgx2V3DmDFbhXGtXGSJPwmDdpLoBg=="],

    "@solana/plugin-core": ["@solana/plugin-core@8.0.0", "", { "peerDependencies": { "typescript": ">=5.4.0" }, "optionalPeers": ["typescript"] }, "sha512-8ciqi0mT7TocVt/ZjW0rzch8jgmaYbZeW6J2EFM2Oxe1vG2QloK+voikRxkYtsHMxGtSLfiTZDnklX24xBSa9Q=="],

    "@solana/plugin-interfaces": ["@solana/plugin-interfaces@8.0.0", "", { "dependencies": { "@solana/accounts": "8.0.0", "@solana/addresses": "8.0.0", "@solana/instruction-plans": "8.0.0", "@solana/keys": "8.0.0", "@solana/rpc-spec": "8.0.0", "@solana/rpc-subscriptions-spec": "8.0.0", "@solana/rpc-types": "8.0.0", "@solana/signers": "8.0.0", "@solana/transactions": "8.0.0" }, "peerDependencies": { "typescript": ">=5.4.0" }, "optionalPeers": ["typescript"] }, "sha512-xi8co+87aAT51XBt0GJDntww172Rke+Bb+hjxPHMoNHd4C1WdMf9VQHwpGhh/km3DYYGx75JBxwpNwPZIbzNxQ=="],

    "@solana/program-client-core": ["@solana/program-client-core@8.0.0", "", { "dependencies": { "@solana/accounts": "8.0.0", "@solana/addresses": "8.0.0", "@solana/codecs-core": "8.0.0", "@solana/errors": "8.0.0", "@solana/instruction-plans": "8.0.0", "@solana/instructions": "8.0.0", "@solana/plugin-interfaces": "8.0.0", "@solana/rpc-api": "8.0.0", "@solana/signers": "8.0.0" }, "peerDependencies": { "typescript": ">=5.4.0" }, "optionalPeers": ["typescript"] }, "sha512-LS2cgz6imea+PLCQ9J3wKbacR127YpO8aKo/gl1x60GoBasdT1km5Dw63gsv7HEkmEF0iQZGjA9TBwYZNAOXFw=="],

    "@solana/programs": ["@solana/programs@8.0.0", "", { "dependencies": { "@solana/addresses": "8.0.0", "@solana/errors": "8.0.0" }, "peerDependencies": { "typescript": ">=5.4.0" }, "optionalPeers": ["typescript"] }, "sha512-7n40XqVlTntQWYGwSiFyY4pQSOmCdLmI13oXWbHeSh/e1f4hJvPrVIpKe/h/liT630mSdjgxy1Je+2c7cV24Sw=="],

    "@solana/promises": ["@solana/promises@8.0.0", "", { "peerDependencies": { "typescript": ">=5.4.0" }, "optionalPeers": ["typescript"] }, "sha512-KYjpZeKOkW4eAserk48349BlWjPorhjP2dkGjYMG0ZRWg67tpby708Yizu1g3S4CAwOAH40EFFYTW6NXaZqcpQ=="],

    "@solana/rpc": ["@solana/rpc@8.0.0", "", { "dependencies": { "@solana/errors": "8.0.0", "@solana/fast-stable-stringify": "8.0.0", "@solana/functional": "8.0.0", "@solana/rpc-api": "8.0.0", "@solana/rpc-spec": "8.0.0", "@solana/rpc-spec-types": "8.0.0", "@solana/rpc-transformers": "8.0.0", "@solana/rpc-transport-http": "8.0.0", "@solana/rpc-types": "8.0.0" }, "peerDependencies": { "typescript": ">=5.4.0" }, "optionalPeers": ["typescript"] }, "sha512-wzo+xjw0oTVOf8jX1dfowegVv8kjpSE7AMoAcBWRiTOOzrLViYiVEPSHvJAow27TTgLoI8ujkfCl+emXFFrA9A=="],

    "@solana/rpc-api": ["@solana/rpc-api@8.0.0", "", { "dependencies": { "@solana/addresses": "8.0.0", "@solana/codecs-core": "8.0.0", "@solana/codecs-strings": "8.0.0", "@solana/errors": "8.0.0", "@solana/keys": "8.0.0", "@solana/rpc-parsed-types": "8.0.0", "@solana/rpc-spec": "8.0.0", "@solana/rpc-transformers": "8.0.0", "@solana/rpc-types": "8.0.0", "@solana/transaction-messages": "8.0.0", "@solana/transactions": "8.0.0" }, "peerDependencies": { "typescript": ">=5.4.0" }, "optionalPeers": ["typescript"] }, "sha512-NT2fBS9wivcMuNAwFiiiVpQ1EIR29mTzq0j7fnq9T5D4EBrl/OmA7xZXN+Z6TzUPpNLAaLADzPceXHrqqeaRSw=="],

    "@solana/rpc-parsed-types": ["@solana/rpc-parsed-types@8.0.0", "", { "peerDependencies": { "typescript": ">=5.4.0" }, "optionalPeers": ["typescript"] }, "sha512-UEzab+gqgWZ84e1SwMoofInmu5Q0a8+DB7YYC+YnzfJJjbEL/qyFPdNpIvKX3DFyHJ+Hg5rjE9iVUVOP6Pqk2w=="],

    "@solana/rpc-spec": ["@solana/rpc-spec@8.0.0", "", { "dependencies": { "@solana/errors": "8.0.0", "@solana/rpc-spec-types": "8.0.0", "@solana/subscribable": "8.0.0" }, "peerDependencies": { "typescript": ">=5.4.0" }, "optionalPeers": ["typescript"] }, "sha512-8Mji0374hnloSXSMgLQSCj+E/c2A8qMCa9IOm1xbdHtDu91q/1fB7v88j9jT/lHmSBbShVJLyGCI9OKzxT1Tiw=="],

    "@solana/rpc-spec-types": ["@solana/rpc-spec-types@8.0.0", "", { "dependencies": { "@solana/errors": "8.0.0" }, "peerDependencies": { "typescript": ">=5.4.0" }, "optionalPeers": ["typescript"] }, "sha512-o9/NGXsY2fBOMsJxt/exjDyV+zPsDDUl0szspDdLuh2w/YUb3U9D2ZvsCmxjtWotgbmIqFn6uKKf1/0pL/Wtdw=="],

    "@solana/rpc-subscriptions": ["@solana/rpc-subscriptions@8.0.0", "", { "dependencies": { "@solana/errors": "8.0.0", "@solana/fast-stable-stringify": "8.0.0", "@solana/functional": "8.0.0", "@solana/promises": "8.0.0", "@solana/rpc-spec-types": "8.0.0", "@solana/rpc-subscriptions-api": "8.0.0", "@solana/rpc-subscriptions-channel-websocket": "8.0.0", "@solana/rpc-subscriptions-spec": "8.0.0", "@solana/rpc-transformers": "8.0.0", "@solana/rpc-types": "8.0.0", "@solana/subscribable": "8.0.0" }, "peerDependencies": { "typescript": ">=5.4.0" }, "optionalPeers": ["typescript"] }, "sha512-Ar2UgTHqx6W1xFJ8JmkZiY2xvcSzrW7FrXF2cg7AiBw89PIeMcpQOUHokaZtI8bN2CHp3f5VT1d4CcKFe0UIJg=="],

    "@solana/rpc-subscriptions-api": ["@solana/rpc-subscriptions-api@8.0.0", "", { "dependencies": { "@solana/addresses": "8.0.0", "@solana/keys": "8.0.0", "@solana/rpc-subscriptions-spec": "8.0.0", "@solana/rpc-transformers": "8.0.0", "@solana/rpc-types": "8.0.0", "@solana/transaction-messages": "8.0.0", "@solana/transactions": "8.0.0" }, "peerDependencies": { "typescript": ">=5.4.0" }, "optionalPeers": ["typescript"] }, "sha512-ILmWLSRMs0cmes78FDln79OCVpRn5WwVg8aIgkH+phR6qsybg9ZA6JmVKPsNjRJzWhnvKw3cnY3YscRNk/uW2A=="],

    "@solana/rpc-subscriptions-channel-websocket": ["@solana/rpc-subscriptions-channel-websocket@8.0.0", "", { "dependencies": { "@solana/errors": "8.0.0", "@solana/functional": "8.0.0", "@solana/rpc-subscriptions-spec": "8.0.0", "@solana/subscribable": "8.0.0", "ws": "^8.21.0" }, "peerDependencies": { "typescript": ">=5.4.0" }, "optionalPeers": ["typescript"] }, "sha512-5gOIiaA+UsDGTuVIszwUzwlGI0AKOxsStXg5abk9BdWsx8B0iEqRZ0FTXeZxHOs6t4k25yhLFkAeam7i18qKeg=="],

    "@solana/rpc-subscriptions-spec": ["@solana/rpc-subscriptions-spec@8.0.0", "", { "dependencies": { "@solana/errors": "8.0.0", "@solana/promises": "8.0.0", "@solana/rpc-spec-types": "8.0.0", "@solana/subscribable": "8.0.0" }, "peerDependencies": { "typescript": ">=5.4.0" }, "optionalPeers": ["typescript"] }, "sha512-RdKaVmuC1ATsCiiFzb8Fd5uJIouS32TvF+eVCRx/fmqHmbW7J7testCqi/gjITJGjr8JE/7qPJIoUU1dccWzLg=="],

    "@solana/rpc-transformers": ["@solana/rpc-transformers@8.0.0", "", { "dependencies": { "@solana/errors": "8.0.0", "@solana/functional": "8.0.0", "@solana/nominal-types": "8.0.0", "@solana/rpc-spec-types": "8.0.0", "@solana/rpc-types": "8.0.0" }, "peerDependencies": { "typescript": ">=5.4.0" }, "optionalPeers": ["typescript"] }, "sha512-OA4wEcLte+WJirlYfZcsFcX6Sn5/deWaJ+G1x1VbfDYXwGEzo39JBk7A23VZ9T9MOmDfpgfds7lCjCix9lFZJQ=="],

    "@solana/rpc-transport-http": ["@solana/rpc-transport-http@8.0.0", "", { "dependencies": { "@solana/errors": "8.0.0", "@solana/rpc-spec": "8.0.0", "@solana/rpc-spec-types": "8.0.0", "undici-types": "^8.10.0" }, "peerDependencies": { "typescript": ">=5.4.0" }, "optionalPeers": ["typescript"] }, "sha512-fGk4ym3zApquQnKI2vyO+wdEwfKEKsRQfUunLVgjAMLYSd2dxV4rQ2rFErxzJpJE0gMWE3vBH9JTPm9NXHgiuA=="],

    "@solana/rpc-types": ["@solana/rpc-types@8.0.0", "", { "dependencies": { "@solana/addresses": "8.0.0", "@solana/codecs-core": "8.0.0", "@solana/codecs-numbers": "8.0.0", "@solana/codecs-strings": "8.0.0", "@solana/errors": "8.0.0", "@solana/fixed-points": "8.0.0", "@solana/nominal-types": "8.0.0" }, "peerDependencies": { "typescript": ">=5.4.0" }, "optionalPeers": ["typescript"] }, "sha512-OvuMUHeeuK7cySRGs8pMd/qXvYyUiAAeTI6NRgQCR0moRbegQ9DqtQycnS1y9wkpywv8bEjpoJoi8QZfMpx/WQ=="],

    "@solana/signers": ["@solana/signers@8.0.0", "", { "dependencies": { "@solana/addresses": "8.0.0", "@solana/codecs-core": "8.0.0", "@solana/errors": "8.0.0", "@solana/instructions": "8.0.0", "@solana/keys": "8.0.0", "@solana/nominal-types": "8.0.0", "@solana/offchain-messages": "8.0.0", "@solana/transaction-messages": "8.0.0", "@solana/transactions": "8.0.0" }, "peerDependencies": { "typescript": ">=5.4.0" }, "optionalPeers": ["typescript"] }, "sha512-yKqD54Hh8a+BBgjdcyRDYukKRG9d2Zj9aLAOuXapIcj1fWG1bWGIf3LEdVAjdoNJPTa2NEb787ouM6QOA+DAMA=="],

    "@solana/subscribable": ["@solana/subscribable@8.0.0", "", { "dependencies": { "@solana/errors": "8.0.0", "@solana/promises": "8.0.0" }, "peerDependencies": { "typescript": ">=5.4.0" }, "optionalPeers": ["typescript"] }, "sha512-/vu8j2WeAklP5h7xBgbrM4zG9/W+lju0HN50f0qMRqcmo1VhQejHFb42MVaHFb3iRUvsuvC2M627DGUFb8CMZw=="],

    "@solana/sysvars": ["@solana/sysvars@8.0.0", "", { "dependencies": { "@solana/accounts": "8.0.0", "@solana/codecs-core": "8.0.0", "@solana/codecs-data-structures": "8.0.0", "@solana/codecs-numbers": "8.0.0", "@solana/errors": "8.0.0", "@solana/rpc-types": "8.0.0" }, "peerDependencies": { "typescript": ">=5.4.0" }, "optionalPeers": ["typescript"] }, "sha512-z8bZDr/RfvEeQr5t2UVtdG/qzS5yjBnTpcuVvpQcoWqkfzMISb5+dMTc1qiYtnwGz2176QZROgZ7+OQogfDbnw=="],

    "@solana/transaction-confirmation": ["@solana/transaction-confirmation@8.0.0", "", { "dependencies": { "@solana/addresses": "8.0.0", "@solana/codecs-strings": "8.0.0", "@solana/errors": "8.0.0", "@solana/keys": "8.0.0", "@solana/promises": "8.0.0", "@solana/rpc": "8.0.0", "@solana/rpc-subscriptions": "8.0.0", "@solana/rpc-types": "8.0.0", "@solana/transaction-messages": "8.0.0", "@solana/transactions": "8.0.0" }, "peerDependencies": { "typescript": ">=5.4.0" }, "optionalPeers": ["typescript"] }, "sha512-vz72wtWChtoqzCXmYpQwD0ZRtA1qM10FGg+hwtmUeoxvoq014MAJ5JEJ4PN5X3D5ST/qdmv3TmmFyfdyJ8kfCQ=="],

    "@solana/transaction-introspection": ["@solana/transaction-introspection@8.0.0", "", { "dependencies": { "@solana/addresses": "8.0.0", "@solana/codecs-core": "8.0.0", "@solana/codecs-strings": "8.0.0", "@solana/errors": "8.0.0", "@solana/instructions": "8.0.0", "@solana/rpc-types": "8.0.0", "@solana/transaction-messages": "8.0.0", "@solana/transactions": "8.0.0" }, "peerDependencies": { "typescript": ">=5.4.0" }, "optionalPeers": ["typescript"] }, "sha512-GkmR+SXN70Amh1f+MvzEGUiqr3/YL/FyEqeT6oCAMTR2AidXfyZIKNkoTB4+1jABeXFFMaYiCfPhKD6+BznnXA=="],

    "@solana/transaction-messages": ["@solana/transaction-messages@8.0.0", "", { "dependencies": { "@solana/addresses": "8.0.0", "@solana/codecs-core": "8.0.0", "@solana/codecs-data-structures": "8.0.0", "@solana/codecs-numbers": "8.0.0", "@solana/errors": "8.0.0", "@solana/functional": "8.0.0", "@solana/instructions": "8.0.0", "@solana/nominal-types": "8.0.0", "@solana/rpc-types": "8.0.0" }, "peerDependencies": { "typescript": ">=5.4.0" }, "optionalPeers": ["typescript"] }, "sha512-/3QXUWIPLDicPLOt2aVczgTRJrWih59mHndLOwCD3i7/phGFnH66cjoyYy7+ootJJJwDlsgMoOmgdGJJHnqyFA=="],

    "@solana/transactions": ["@solana/transactions@8.0.0", "", { "dependencies": { "@solana/addresses": "8.0.0", "@solana/codecs-core": "8.0.0", "@solana/codecs-data-structures": "8.0.0", "@solana/codecs-numbers": "8.0.0", "@solana/codecs-strings": "8.0.0", "@solana/errors": "8.0.0", "@solana/functional": "8.0.0", "@solana/instructions": "8.0.0", "@solana/keys": "8.0.0", "@solana/nominal-types": "8.0.0", "@solana/rpc-types": "8.0.0", "@solana/transaction-messages": "8.0.0" }, "peerDependencies": { "typescript": ">=5.4.0" }, "optionalPeers": ["typescript"] }, "sha512-8HQmyVN9qv0v1ylTqOR38T8834oQ+sPLSRpPueTd5yfwiv60CtUwndHg1M+y5n7Q4DP1jJZ0M5YReJ5BpnD2Zg=="],

    "@types/bun": ["@types/bun@1.4.0", "", { "dependencies": { "bun-types": "1.4.0" } }, "sha512-K+lZULY23vRgK/CfTjFIV+tyifaNdSMlPh9j+6mQ/cLfpOznLyAuzgV/JQysyECpkBQLVMSyvjlr2fBUSA9wFQ=="],

    "@types/node": ["@types/node@26.3.0", "", { "dependencies": { "undici-types": "~8.3.0" } }, "sha512-L3fgrnchriRC2ExBflb8j4uZZURHZfQsmQeyVzhjcHW4kkwVyo8/0h1B2MVzMTrYUJYu6G7EWs14hW/L9putqw=="],

    "archer-market-maker-ts": ["archer-market-maker-ts@workspace:ts"],

    "bun-types": ["bun-types@1.4.0", "", { "dependencies": { "@types/node": "*" } }, "sha512-iIKw23BspnQQYd3prITOBxeUsxBHnwzX6YJfGMuNOZzeNcMmVqzIIVGRm1l69ogaPQmb4wB6BN8mA5bE9YuC5Q=="],

    "call-bind": ["call-bind@1.0.9", "", { "dependencies": { "call-bind-apply-helpers": "^1.0.2", "es-define-property": "^1.0.1", "get-intrinsic": "^1.3.0", "set-function-length": "^1.2.2" } }, "sha512-a/hy+pNsFUTR+Iz8TCJvXudKVLAnz/DyeSUo10I5yvFDQJBFU2s9uqQpoSrJlroHUKoKqzg+epxyP9lqFdzfBQ=="],

    "call-bind-apply-helpers": ["call-bind-apply-helpers@1.0.2", "", { "dependencies": { "es-errors": "^1.3.0", "function-bind": "^1.1.2" } }, "sha512-Sp1ablJ0ivDkSzjcaJdxEunN5/XvksFJ2sMBFfq6x0ryhQV/2b/KwFe21cMpmHtPOSij8K99/wSfoEuTObmuMQ=="],

    "call-bound": ["call-bound@1.0.4", "", { "dependencies": { "call-bind-apply-helpers": "^1.0.2", "get-intrinsic": "^1.3.0" } }, "sha512-+ys997U96po4Kx/ABpBCqhA9EuxJaQWDQg7295H4hBphv3IZg0boBKuwYpt4YXp6MZ5AmZQnU/tyMTlRpaSejg=="],

    "chalk": ["chalk@5.6.2", "", {}, "sha512-7NzBL0rN6fMUW+f7A6Io4h40qQlG+xGmtMxfbnH/K7TAtt8JQWVQK+6g0UXKMeVJoyV5EkkNsErQ8pVD3bLHbA=="],

    "codama": ["codama@1.10.2", "", { "dependencies": { "@codama/cli": "1.6.2", "@codama/errors": "1.10.2", "@codama/nodes": "1.10.2", "@codama/validators": "1.10.2", "@codama/visitors": "1.10.2" }, "bin": { "codama": "bin/cli.cjs" } }, "sha512-fm6bFmgTrd6wPJ8o758wVVCYSEmEOU7Ctvlm8TxZoyPG0DlRS94AqnG3yC0HODXfGMAbai6pCxe9D04n3yl5AQ=="],

    "commander": ["commander@15.0.0", "", {}, "sha512-z67u4ZhzCL/Tydu1lJARtEZYWbWaN7oYLHbsuzocr6y4N6WZAagG3RQ4FW61V1/0+jImpj293XfrcYnd1qxtPg=="],

    "define-data-property": ["define-data-property@1.1.4", "", { "dependencies": { "es-define-property": "^1.0.0", "es-errors": "^1.3.0", "gopd": "^1.0.1" } }, "sha512-rBMvIzlpA8v6E+SJZoo++HAYqsLrkg7MSfIinMPFhmkorw7X+dOXVJQs+QT69zGkzMyfDnIMN2Wid1+NbL3T+A=="],

    "dunder-proto": ["dunder-proto@1.0.1", "", { "dependencies": { "call-bind-apply-helpers": "^1.0.1", "es-errors": "^1.3.0", "gopd": "^1.2.0" } }, "sha512-KIN/nDJBQRcXw0MLVhZE9iQHmG68qAVIBg9CqmUYjmQIhgij9U5MFvrqkUL5FbtyyzZuOeOt0zdeRe4UY7ct+A=="],

    "es-define-property": ["es-define-property@1.0.1", "", {}, "sha512-e3nRfgfUZ4rNGL232gUgX06QNyyez04KdjFrF+LTRoOXmrOgFKDg4BCdsjW8EnT69eqdYGmRpJwiPVYNrCaW3g=="],

    "es-errors": ["es-errors@1.3.0", "", {}, "sha512-Zf5H2Kxt2xjTvbJvP2ZWLEICxA6j+hAmMzIlypy4xcBg1vKVnx89Wy0GbS+kf5cwCVFFzdCFh2XSCFNULS6csw=="],

    "es-object-atoms": ["es-object-atoms@1.1.2", "", { "dependencies": { "es-errors": "^1.3.0" } }, "sha512-HWcBoN6NileqtSydK2FqHbS/LoDd2pqrnQHLyJzBj4kOp/ky2MWMN694xOfkK8/SnUsW2DH7EfyVlydKCsm1Zw=="],

    "function-bind": ["function-bind@1.1.2", "", {}, "sha512-7XHNxH7qX9xG5mIwxkhumTox/MIRNcOgDrxWsMt2pAr23WHp6MrRlN7FBSFpCpr+oVO0F744iUgR82nJMfG2SA=="],

    "get-intrinsic": ["get-intrinsic@1.3.0", "", { "dependencies": { "call-bind-apply-helpers": "^1.0.2", "es-define-property": "^1.0.1", "es-errors": "^1.3.0", "es-object-atoms": "^1.1.1", "function-bind": "^1.1.2", "get-proto": "^1.0.1", "gopd": "^1.2.0", "has-symbols": "^1.1.0", "hasown": "^2.0.2", "math-intrinsics": "^1.1.0" } }, "sha512-9fSjSaos/fRIVIp+xSJlE6lfwhES7LNtKaCBIamHsjr2na1BiABJPo0mOjjz8GJDURarmCPGqaiVg5mfjb98CQ=="],

    "get-proto": ["get-proto@1.0.1", "", { "dependencies": { "dunder-proto": "^1.0.1", "es-object-atoms": "^1.0.0" } }, "sha512-sTSfBjoXBp89JvIKIefqw7U2CCebsc74kiY6awiGogKtoSGbgjYE/G/+l9sF3MWFPNc9IcoOC4ODfKHfxFmp0g=="],

    "gopd": ["gopd@1.2.0", "", {}, "sha512-ZUKRh6/kUFoAiTAtTYPZJ3hw9wNxx+BIBOijnlG9PnrJsCcSjs1wyyD6vJpaYtgnzDrKYRSqf3OO6Rfa93xsRg=="],

    "has-property-descriptors": ["has-property-descriptors@1.0.2", "", { "dependencies": { "es-define-property": "^1.0.0" } }, "sha512-55JNKuIW+vq4Ke1BjOTjM2YctQIvCT7GFzHwmfZPGo5wnrgkid0YQtnAleFSqumZm4az3n2BS+erby5ipJdgrg=="],

    "has-symbols": ["has-symbols@1.1.0", "", {}, "sha512-1cDNdwJ2Jaohmb3sg4OmKaMBwuC48sYni5HUw2DvsC8LjGTLK9h+eb1X6RyuOHe4hT0ULCW68iomhjUoKUqlPQ=="],

    "hasown": ["hasown@2.0.4", "", { "dependencies": { "function-bind": "^1.1.2" } }, "sha512-T2UbfbBEF32wiepXIsMlTW9+dDYC6wMh/t/vYA4tuOMKqWz/n3vr1NFSxQiyP+zk2mXsoMA/i/7qV6LKut1t1A=="],

    "isarray": ["isarray@2.0.5", "", {}, "sha512-xHjhDr3cNBK0BzdUJSPXZntQUx/mwMS5Rw4A7lPJ90XGAO6ISP/ePDNuo0vhqOZU+UD5JoodwCAAoZQd3FeAKw=="],

    "json-stable-stringify": ["json-stable-stringify@1.3.0", "", { "dependencies": { "call-bind": "^1.0.8", "call-bound": "^1.0.4", "isarray": "^2.0.5", "jsonify": "^0.0.1", "object-keys": "^1.1.1" } }, "sha512-qtYiSSFlwot9XHtF9bD9c7rwKjr+RecWT//ZnPvSmEjpV5mmPOCN4j8UjY5hbjNkOwZ/jQv3J6R1/pL7RwgMsg=="],

    "jsonify": ["jsonify@0.0.1", "", {}, "sha512-2/Ki0GcmuqSrgFyelQq9M05y7PS0mEwuIzrf3f1fPqkVDVRvZrPZtVSMHxdgo8Aq0sxAOb/cr2aqqA3LeWHVPg=="],

    "kleur": ["kleur@3.0.3", "", {}, "sha512-eTIzlVOSUR+JxdDFepEYcBMtZ9Qqdef+rnzWdRZuMbOywu5tO2w2N7rqjoANZ5k9vywhL6Br1VRjUIgTQx4E8w=="],

    "math-intrinsics": ["math-intrinsics@1.1.0", "", {}, "sha512-/IXtbwEk5HTPyEwyKX6hGkYXxM9nbj64B+ilVJnC/R6B0pH5G4V3b0pVbL7DBj4tkhBAppbQUlf6F6Xl9LHu1g=="],

    "object-keys": ["object-keys@1.1.1", "", {}, "sha512-NuAESUOUMrlIXOfHKzD6bpPu3tYt3xvjNdRIQ+FeT0lNb4K8WR70CaDxhuNguS2XG+GjkyMwOzsN5ZktImfhLA=="],

    "picocolors": ["picocolors@1.1.1", "", {}, "sha512-xceH2snhtb5M9liqDsmEw56le376mTZkEX/jEb/RxNFyegNul7eNslCXP9FDj/Lcu0X8KEyMceP2ntpaHrDEVA=="],

    "prettier": ["prettier@3.9.6", "", { "bin": { "prettier": "bin/prettier.cjs" } }, "sha512-OpN0zzVdiaiAhxpuuj5efpIS4sY9j7bY6uR5mnj5yPzGkdkjNKSJeUThPb60Jw29QuAZgA4o+/iB49kFiaBX6g=="],

    "prompts": ["prompts@2.4.2", "", { "dependencies": { "kleur": "^3.0.3", "sisteransi": "^1.0.5" } }, "sha512-NxNv/kLguCA7p3jE8oL2aEBsrJWgAakBpgmgK6lpPWV+WuOmY6r2/zbAVnP+T8bQlA0nzHXSJSJW0Hq7ylaD2Q=="],

    "semver": ["semver@7.8.5", "", { "bin": { "semver": "bin/semver.js" } }, "sha512-Y7/KDsb8LjooZpwaqGyulO6DQlksgCncchHGk+sZIY4SBvUocMBEFH5Ur1fI4dV+Jvl0w6cjvucaIi40puRioA=="],

    "set-function-length": ["set-function-length@1.2.2", "", { "dependencies": { "define-data-property": "^1.1.4", "es-errors": "^1.3.0", "function-bind": "^1.1.2", "get-intrinsic": "^1.2.4", "gopd": "^1.0.1", "has-property-descriptors": "^1.0.2" } }, "sha512-pgRc4hJ4/sNjWCSS9AmnS40x3bNMDTknHgL5UaMBTMyJnU90EgWh1Rz+MC9eFu4BuN/UwZjKQuY/1v3rM7HMfg=="],

    "sisteransi": ["sisteransi@1.0.5", "", {}, "sha512-bLGGlR1QxBcynn2d5YmDX4MGjlZvy2MRBDRNHLJ8VI6l6+9FUiyTFNJ0IveOSP0bcXgVDPRcfGqA0pjaqUpfVg=="],

    "undici-types": ["undici-types@8.3.0", "", {}, "sha512-j375ScV60dom+YkPFIfTLcOiPxkN/buHz5GobjLhixFuANaNs3C9l4GmrWqejgXWJ7BbJcFYpTEUkS1Ge8bpZQ=="],

    "ws": ["ws@8.21.3", "", { "peerDependencies": { "bufferutil": "^4.0.1", "utf-8-validate": ">=5.0.2" }, "optionalPeers": ["bufferutil", "utf-8-validate"] }, "sha512-201TZ/kPWxoPr/OKWjquZR1SWKXcvxdH+e1xrx89b3YbmzLMFCLfnaG1HFIgWzJOEWZ7MvpK++odZufgYR50Rw=="],

    "zod": ["zod@4.4.3", "", {}, "sha512-ytENFjIJFl2UwYglde2jchW2Hwm4GJFLDiSXWdTrJQBIN9Fcyp7n4DhxJEiWNAJMV1/BqWfW/kkg71UDcHJyTQ=="],

    "@noble/curves/@noble/hashes": ["@noble/hashes@1.8.0", "", {}, "sha512-jCs9ldd7NwzpgXDIf6P3+NrHh9/sD6CQdxHyjQI+h/6rDNo88ypBxxz45UDuZHz9r3tNz7N/VInSVoVdtXEI4A=="],

    "@solana/accounts/@solana/codecs-strings": ["@solana/codecs-strings@8.0.0", "", { "dependencies": { "@solana/codecs-core": "8.0.0", "@solana/codecs-numbers": "8.0.0", "@solana/errors": "8.0.0" }, "peerDependencies": { "fastestsmallesttextencoderdecoder": "^1.0.22", "typescript": ">=5.4.0" }, "optionalPeers": ["fastestsmallesttextencoderdecoder", "typescript"] }, "sha512-4l8XCWIFt9DYX/zH22Jygmu+DRjKpFjFE1CNqnin24+LZ6WQu6Zk3cU+nftV3OrLns2Yi+o4cSlv/eVUsxA3qA=="],

    "@solana/addresses/@solana/codecs-strings": ["@solana/codecs-strings@8.0.0", "", { "dependencies": { "@solana/codecs-core": "8.0.0", "@solana/codecs-numbers": "8.0.0", "@solana/errors": "8.0.0" }, "peerDependencies": { "fastestsmallesttextencoderdecoder": "^1.0.22", "typescript": ">=5.4.0" }, "optionalPeers": ["fastestsmallesttextencoderdecoder", "typescript"] }, "sha512-4l8XCWIFt9DYX/zH22Jygmu+DRjKpFjFE1CNqnin24+LZ6WQu6Zk3cU+nftV3OrLns2Yi+o4cSlv/eVUsxA3qA=="],

    "@solana/codecs/@solana/codecs-core": ["@solana/codecs-core@7.1.1", "", { "dependencies": { "@solana/errors": "7.1.1" }, "peerDependencies": { "typescript": ">=5.4.0" }, "optionalPeers": ["typescript"] }, "sha512-C1UOAQ7LH8RuCTfaij6hthTZeBlpp8GuD2g9Nag/xgiNKJGvAfVrcorb+kO/sufdYI8Lu+BiVvPeKOjQDQiKqg=="],

    "@solana/codecs-data-structures/@solana/codecs-core": ["@solana/codecs-core@7.1.1", "", { "dependencies": { "@solana/errors": "7.1.1" }, "peerDependencies": { "typescript": ">=5.4.0" }, "optionalPeers": ["typescript"] }, "sha512-C1UOAQ7LH8RuCTfaij6hthTZeBlpp8GuD2g9Nag/xgiNKJGvAfVrcorb+kO/sufdYI8Lu+BiVvPeKOjQDQiKqg=="],

    "@solana/codecs-data-structures/@solana/errors": ["@solana/errors@7.1.1", "", { "dependencies": { "chalk": "5.6.2", "commander": "15.0.0" }, "peerDependencies": { "typescript": ">=5.4.0" }, "optionalPeers": ["typescript"], "bin": { "errors": "bin/cli.mjs" } }, "sha512-q35qck8rBnNvJlPU00mnHEQm7gWvghzYz8khqVoLhjgodTzGp46VqnIOyI1LXOAF6XDal58bMNDO980MQgq8yw=="],

    "@solana/codecs-numbers/@solana/codecs-core": ["@solana/codecs-core@7.1.1", "", { "dependencies": { "@solana/errors": "7.1.1" }, "peerDependencies": { "typescript": ">=5.4.0" }, "optionalPeers": ["typescript"] }, "sha512-C1UOAQ7LH8RuCTfaij6hthTZeBlpp8GuD2g9Nag/xgiNKJGvAfVrcorb+kO/sufdYI8Lu+BiVvPeKOjQDQiKqg=="],

    "@solana/codecs-numbers/@solana/errors": ["@solana/errors@7.1.1", "", { "dependencies": { "chalk": "5.6.2", "commander": "15.0.0" }, "peerDependencies": { "typescript": ">=5.4.0" }, "optionalPeers": ["typescript"], "bin": { "errors": "bin/cli.mjs" } }, "sha512-q35qck8rBnNvJlPU00mnHEQm7gWvghzYz8khqVoLhjgodTzGp46VqnIOyI1LXOAF6XDal58bMNDO980MQgq8yw=="],

    "@solana/codecs-strings/@solana/codecs-core": ["@solana/codecs-core@7.1.1", "", { "dependencies": { "@solana/errors": "7.1.1" }, "peerDependencies": { "typescript": ">=5.4.0" }, "optionalPeers": ["typescript"] }, "sha512-C1UOAQ7LH8RuCTfaij6hthTZeBlpp8GuD2g9Nag/xgiNKJGvAfVrcorb+kO/sufdYI8Lu+BiVvPeKOjQDQiKqg=="],

    "@solana/codecs-strings/@solana/errors": ["@solana/errors@7.1.1", "", { "dependencies": { "chalk": "5.6.2", "commander": "15.0.0" }, "peerDependencies": { "typescript": ">=5.4.0" }, "optionalPeers": ["typescript"], "bin": { "errors": "bin/cli.mjs" } }, "sha512-q35qck8rBnNvJlPU00mnHEQm7gWvghzYz8khqVoLhjgodTzGp46VqnIOyI1LXOAF6XDal58bMNDO980MQgq8yw=="],

    "@solana/fixed-points/@solana/codecs-core": ["@solana/codecs-core@7.1.1", "", { "dependencies": { "@solana/errors": "7.1.1" }, "peerDependencies": { "typescript": ">=5.4.0" }, "optionalPeers": ["typescript"] }, "sha512-C1UOAQ7LH8RuCTfaij6hthTZeBlpp8GuD2g9Nag/xgiNKJGvAfVrcorb+kO/sufdYI8Lu+BiVvPeKOjQDQiKqg=="],

    "@solana/fixed-points/@solana/errors": ["@solana/errors@7.1.1", "", { "dependencies": { "chalk": "5.6.2", "commander": "15.0.0" }, "peerDependencies": { "typescript": ">=5.4.0" }, "optionalPeers": ["typescript"], "bin": { "errors": "bin/cli.mjs" } }, "sha512-q35qck8rBnNvJlPU00mnHEQm7gWvghzYz8khqVoLhjgodTzGp46VqnIOyI1LXOAF6XDal58bMNDO980MQgq8yw=="],

    "@solana/keys/@solana/codecs-strings": ["@solana/codecs-strings@8.0.0", "", { "dependencies": { "@solana/codecs-core": "8.0.0", "@solana/codecs-numbers": "8.0.0", "@solana/errors": "8.0.0" }, "peerDependencies": { "fastestsmallesttextencoderdecoder": "^1.0.22", "typescript": ">=5.4.0" }, "optionalPeers": ["fastestsmallesttextencoderdecoder", "typescript"] }, "sha512-4l8XCWIFt9DYX/zH22Jygmu+DRjKpFjFE1CNqnin24+LZ6WQu6Zk3cU+nftV3OrLns2Yi+o4cSlv/eVUsxA3qA=="],

    "@solana/kit/@solana/codecs": ["@solana/codecs@8.0.0", "", { "dependencies": { "@solana/codecs-core": "8.0.0", "@solana/codecs-data-structures": "8.0.0", "@solana/codecs-numbers": "8.0.0", "@solana/codecs-strings": "8.0.0", "@solana/fixed-points": "8.0.0", "@solana/options": "8.0.0" }, "peerDependencies": { "typescript": ">=5.4.0" }, "optionalPeers": ["typescript"] }, "sha512-Pk33P602YQSYHJka2IH4LhTg9vcVskYQb/XfOCqXyXDsgJS2x3au7kpXB7Q6M5yiw8VBw8ZNu/a0iGBX44v7tw=="],

    "@solana/offchain-messages/@solana/codecs-data-structures": ["@solana/codecs-data-structures@8.0.0", "", { "dependencies": { "@solana/codecs-core": "8.0.0", "@solana/codecs-numbers": "8.0.0", "@solana/errors": "8.0.0" }, "peerDependencies": { "typescript": ">=5.4.0" }, "optionalPeers": ["typescript"] }, "sha512-iCwbuANIuUbr7f69wx8E7tzT5tHcrJpKq8Ni06Y7H8aKhzJUlTeNQnpCbQr/e2bhvM6VI65yaXLUNEXfM7OS6Q=="],

    "@solana/offchain-messages/@solana/codecs-numbers": ["@solana/codecs-numbers@8.0.0", "", { "dependencies": { "@solana/codecs-core": "8.0.0", "@solana/errors": "8.0.0" }, "peerDependencies": { "typescript": ">=5.4.0" }, "optionalPeers": ["typescript"] }, "sha512-Islv8gZPQhVA1DvCk3KspTTw9r0z/qL6EWwN5/vvA9LYWe11RmNarJ+C0qxg1vPh2lQh8W6t/GcpZS/TJbHI0A=="],

    "@solana/offchain-messages/@solana/codecs-strings": ["@solana/codecs-strings@8.0.0", "", { "dependencies": { "@solana/codecs-core": "8.0.0", "@solana/codecs-numbers": "8.0.0", "@solana/errors": "8.0.0" }, "peerDependencies": { "fastestsmallesttextencoderdecoder": "^1.0.22", "typescript": ">=5.4.0" }, "optionalPeers": ["fastestsmallesttextencoderdecoder", "typescript"] }, "sha512-4l8XCWIFt9DYX/zH22Jygmu+DRjKpFjFE1CNqnin24+LZ6WQu6Zk3cU+nftV3OrLns2Yi+o4cSlv/eVUsxA3qA=="],

    "@solana/options/@solana/codecs-core": ["@solana/codecs-core@7.1.1", "", { "dependencies": { "@solana/errors": "7.1.1" }, "peerDependencies": { "typescript": ">=5.4.0" }, "optionalPeers": ["typescript"] }, "sha512-C1UOAQ7LH8RuCTfaij6hthTZeBlpp8GuD2g9Nag/xgiNKJGvAfVrcorb+kO/sufdYI8Lu+BiVvPeKOjQDQiKqg=="],

    "@solana/options/@solana/errors": ["@solana/errors@7.1.1", "", { "dependencies": { "chalk": "5.6.2", "commander": "15.0.0" }, "peerDependencies": { "typescript": ">=5.4.0" }, "optionalPeers": ["typescript"], "bin": { "errors": "bin/cli.mjs" } }, "sha512-q35qck8rBnNvJlPU00mnHEQm7gWvghzYz8khqVoLhjgodTzGp46VqnIOyI1LXOAF6XDal58bMNDO980MQgq8yw=="],

    "@solana/rpc-api/@solana/codecs-strings": ["@solana/codecs-strings@8.0.0", "", { "dependencies": { "@solana/codecs-core": "8.0.0", "@solana/codecs-numbers": "8.0.0", "@solana/errors": "8.0.0" }, "peerDependencies": { "fastestsmallesttextencoderdecoder": "^1.0.22", "typescript": ">=5.4.0" }, "optionalPeers": ["fastestsmallesttextencoderdecoder", "typescript"] }, "sha512-4l8XCWIFt9DYX/zH22Jygmu+DRjKpFjFE1CNqnin24+LZ6WQu6Zk3cU+nftV3OrLns2Yi+o4cSlv/eVUsxA3qA=="],

    "@solana/rpc-transport-http/undici-types": ["undici-types@8.10.0", "", {}, "sha512-ibvdovq3nCFs8Msrd95BW+zUOq+aOVbT+wpHUoPWhztbHEoPc6oof51iFDB6Es8lTKvNvVW9jNSAB8dwrKTMGg=="],

    "@solana/rpc-types/@solana/codecs-numbers": ["@solana/codecs-numbers@8.0.0", "", { "dependencies": { "@solana/codecs-core": "8.0.0", "@solana/errors": "8.0.0" }, "peerDependencies": { "typescript": ">=5.4.0" }, "optionalPeers": ["typescript"] }, "sha512-Islv8gZPQhVA1DvCk3KspTTw9r0z/qL6EWwN5/vvA9LYWe11RmNarJ+C0qxg1vPh2lQh8W6t/GcpZS/TJbHI0A=="],

    "@solana/rpc-types/@solana/codecs-strings": ["@solana/codecs-strings@8.0.0", "", { "dependencies": { "@solana/codecs-core": "8.0.0", "@solana/codecs-numbers": "8.0.0", "@solana/errors": "8.0.0" }, "peerDependencies": { "fastestsmallesttextencoderdecoder": "^1.0.22", "typescript": ">=5.4.0" }, "optionalPeers": ["fastestsmallesttextencoderdecoder", "typescript"] }, "sha512-4l8XCWIFt9DYX/zH22Jygmu+DRjKpFjFE1CNqnin24+LZ6WQu6Zk3cU+nftV3OrLns2Yi+o4cSlv/eVUsxA3qA=="],

    "@solana/rpc-types/@solana/fixed-points": ["@solana/fixed-points@8.0.0", "", { "dependencies": { "@solana/codecs-core": "8.0.0", "@solana/errors": "8.0.0" }, "peerDependencies": { "typescript": ">=5.4.0" }, "optionalPeers": ["typescript"] }, "sha512-KA7ZA3xUIGNqDlagrTpzUtXsVSZn+vZC4odBDT3iXoRQysqV9t5g191HFH1OiTM68+7H8Rrte1Z0pTZSrQceTg=="],

    "@solana/sysvars/@solana/codecs-data-structures": ["@solana/codecs-data-structures@8.0.0", "", { "dependencies": { "@solana/codecs-core": "8.0.0", "@solana/codecs-numbers": "8.0.0", "@solana/errors": "8.0.0" }, "peerDependencies": { "typescript": ">=5.4.0" }, "optionalPeers": ["typescript"] }, "sha512-iCwbuANIuUbr7f69wx8E7tzT5tHcrJpKq8Ni06Y7H8aKhzJUlTeNQnpCbQr/e2bhvM6VI65yaXLUNEXfM7OS6Q=="],

    "@solana/sysvars/@solana/codecs-numbers": ["@solana/codecs-numbers@8.0.0", "", { "dependencies": { "@solana/codecs-core": "8.0.0", "@solana/errors": "8.0.0" }, "peerDependencies": { "typescript": ">=5.4.0" }, "optionalPeers": ["typescript"] }, "sha512-Islv8gZPQhVA1DvCk3KspTTw9r0z/qL6EWwN5/vvA9LYWe11RmNarJ+C0qxg1vPh2lQh8W6t/GcpZS/TJbHI0A=="],

    "@solana/transaction-confirmation/@solana/codecs-strings": ["@solana/codecs-strings@8.0.0", "", { "dependencies": { "@solana/codecs-core": "8.0.0", "@solana/codecs-numbers": "8.0.0", "@solana/errors": "8.0.0" }, "peerDependencies": { "fastestsmallesttextencoderdecoder": "^1.0.22", "typescript": ">=5.4.0" }, "optionalPeers": ["fastestsmallesttextencoderdecoder", "typescript"] }, "sha512-4l8XCWIFt9DYX/zH22Jygmu+DRjKpFjFE1CNqnin24+LZ6WQu6Zk3cU+nftV3OrLns2Yi+o4cSlv/eVUsxA3qA=="],

    "@solana/transaction-introspection/@solana/codecs-strings": ["@solana/codecs-strings@8.0.0", "", { "dependencies": { "@solana/codecs-core": "8.0.0", "@solana/codecs-numbers": "8.0.0", "@solana/errors": "8.0.0" }, "peerDependencies": { "fastestsmallesttextencoderdecoder": "^1.0.22", "typescript": ">=5.4.0" }, "optionalPeers": ["fastestsmallesttextencoderdecoder", "typescript"] }, "sha512-4l8XCWIFt9DYX/zH22Jygmu+DRjKpFjFE1CNqnin24+LZ6WQu6Zk3cU+nftV3OrLns2Yi+o4cSlv/eVUsxA3qA=="],

    "@solana/transaction-messages/@solana/codecs-data-structures": ["@solana/codecs-data-structures@8.0.0", "", { "dependencies": { "@solana/codecs-core": "8.0.0", "@solana/codecs-numbers": "8.0.0", "@solana/errors": "8.0.0" }, "peerDependencies": { "typescript": ">=5.4.0" }, "optionalPeers": ["typescript"] }, "sha512-iCwbuANIuUbr7f69wx8E7tzT5tHcrJpKq8Ni06Y7H8aKhzJUlTeNQnpCbQr/e2bhvM6VI65yaXLUNEXfM7OS6Q=="],

    "@solana/transaction-messages/@solana/codecs-numbers": ["@solana/codecs-numbers@8.0.0", "", { "dependencies": { "@solana/codecs-core": "8.0.0", "@solana/errors": "8.0.0" }, "peerDependencies": { "typescript": ">=5.4.0" }, "optionalPeers": ["typescript"] }, "sha512-Islv8gZPQhVA1DvCk3KspTTw9r0z/qL6EWwN5/vvA9LYWe11RmNarJ+C0qxg1vPh2lQh8W6t/GcpZS/TJbHI0A=="],

    "@solana/transactions/@solana/codecs-data-structures": ["@solana/codecs-data-structures@8.0.0", "", { "dependencies": { "@solana/codecs-core": "8.0.0", "@solana/codecs-numbers": "8.0.0", "@solana/errors": "8.0.0" }, "peerDependencies": { "typescript": ">=5.4.0" }, "optionalPeers": ["typescript"] }, "sha512-iCwbuANIuUbr7f69wx8E7tzT5tHcrJpKq8Ni06Y7H8aKhzJUlTeNQnpCbQr/e2bhvM6VI65yaXLUNEXfM7OS6Q=="],

    "@solana/transactions/@solana/codecs-numbers": ["@solana/codecs-numbers@8.0.0", "", { "dependencies": { "@solana/codecs-core": "8.0.0", "@solana/errors": "8.0.0" }, "peerDependencies": { "typescript": ">=5.4.0" }, "optionalPeers": ["typescript"] }, "sha512-Islv8gZPQhVA1DvCk3KspTTw9r0z/qL6EWwN5/vvA9LYWe11RmNarJ+C0qxg1vPh2lQh8W6t/GcpZS/TJbHI0A=="],

    "@solana/transactions/@solana/codecs-strings": ["@solana/codecs-strings@8.0.0", "", { "dependencies": { "@solana/codecs-core": "8.0.0", "@solana/codecs-numbers": "8.0.0", "@solana/errors": "8.0.0" }, "peerDependencies": { "fastestsmallesttextencoderdecoder": "^1.0.22", "typescript": ">=5.4.0" }, "optionalPeers": ["fastestsmallesttextencoderdecoder", "typescript"] }, "sha512-4l8XCWIFt9DYX/zH22Jygmu+DRjKpFjFE1CNqnin24+LZ6WQu6Zk3cU+nftV3OrLns2Yi+o4cSlv/eVUsxA3qA=="],

    "@solana/accounts/@solana/codecs-strings/@solana/codecs-numbers": ["@solana/codecs-numbers@8.0.0", "", { "dependencies": { "@solana/codecs-core": "8.0.0", "@solana/errors": "8.0.0" }, "peerDependencies": { "typescript": ">=5.4.0" }, "optionalPeers": ["typescript"] }, "sha512-Islv8gZPQhVA1DvCk3KspTTw9r0z/qL6EWwN5/vvA9LYWe11RmNarJ+C0qxg1vPh2lQh8W6t/GcpZS/TJbHI0A=="],

    "@solana/addresses/@solana/codecs-strings/@solana/codecs-numbers": ["@solana/codecs-numbers@8.0.0", "", { "dependencies": { "@solana/codecs-core": "8.0.0", "@solana/errors": "8.0.0" }, "peerDependencies": { "typescript": ">=5.4.0" }, "optionalPeers": ["typescript"] }, "sha512-Islv8gZPQhVA1DvCk3KspTTw9r0z/qL6EWwN5/vvA9LYWe11RmNarJ+C0qxg1vPh2lQh8W6t/GcpZS/TJbHI0A=="],

    "@solana/codecs/@solana/codecs-core/@solana/errors": ["@solana/errors@7.1.1", "", { "dependencies": { "chalk": "5.6.2", "commander": "15.0.0" }, "peerDependencies": { "typescript": ">=5.4.0" }, "optionalPeers": ["typescript"], "bin": { "errors": "bin/cli.mjs" } }, "sha512-q35qck8rBnNvJlPU00mnHEQm7gWvghzYz8khqVoLhjgodTzGp46VqnIOyI1LXOAF6XDal58bMNDO980MQgq8yw=="],

    "@solana/keys/@solana/codecs-strings/@solana/codecs-numbers": ["@solana/codecs-numbers@8.0.0", "", { "dependencies": { "@solana/codecs-core": "8.0.0", "@solana/errors": "8.0.0" }, "peerDependencies": { "typescript": ">=5.4.0" }, "optionalPeers": ["typescript"] }, "sha512-Islv8gZPQhVA1DvCk3KspTTw9r0z/qL6EWwN5/vvA9LYWe11RmNarJ+C0qxg1vPh2lQh8W6t/GcpZS/TJbHI0A=="],

    "@solana/kit/@solana/codecs/@solana/codecs-data-structures": ["@solana/codecs-data-structures@8.0.0", "", { "dependencies": { "@solana/codecs-core": "8.0.0", "@solana/codecs-numbers": "8.0.0", "@solana/errors": "8.0.0" }, "peerDependencies": { "typescript": ">=5.4.0" }, "optionalPeers": ["typescript"] }, "sha512-iCwbuANIuUbr7f69wx8E7tzT5tHcrJpKq8Ni06Y7H8aKhzJUlTeNQnpCbQr/e2bhvM6VI65yaXLUNEXfM7OS6Q=="],

    "@solana/kit/@solana/codecs/@solana/codecs-numbers": ["@solana/codecs-numbers@8.0.0", "", { "dependencies": { "@solana/codecs-core": "8.0.0", "@solana/errors": "8.0.0" }, "peerDependencies": { "typescript": ">=5.4.0" }, "optionalPeers": ["typescript"] }, "sha512-Islv8gZPQhVA1DvCk3KspTTw9r0z/qL6EWwN5/vvA9LYWe11RmNarJ+C0qxg1vPh2lQh8W6t/GcpZS/TJbHI0A=="],

    "@solana/kit/@solana/codecs/@solana/codecs-strings": ["@solana/codecs-strings@8.0.0", "", { "dependencies": { "@solana/codecs-core": "8.0.0", "@solana/codecs-numbers": "8.0.0", "@solana/errors": "8.0.0" }, "peerDependencies": { "fastestsmallesttextencoderdecoder": "^1.0.22", "typescript": ">=5.4.0" }, "optionalPeers": ["fastestsmallesttextencoderdecoder", "typescript"] }, "sha512-4l8XCWIFt9DYX/zH22Jygmu+DRjKpFjFE1CNqnin24+LZ6WQu6Zk3cU+nftV3OrLns2Yi+o4cSlv/eVUsxA3qA=="],

    "@solana/kit/@solana/codecs/@solana/fixed-points": ["@solana/fixed-points@8.0.0", "", { "dependencies": { "@solana/codecs-core": "8.0.0", "@solana/errors": "8.0.0" }, "peerDependencies": { "typescript": ">=5.4.0" }, "optionalPeers": ["typescript"] }, "sha512-KA7ZA3xUIGNqDlagrTpzUtXsVSZn+vZC4odBDT3iXoRQysqV9t5g191HFH1OiTM68+7H8Rrte1Z0pTZSrQceTg=="],

    "@solana/kit/@solana/codecs/@solana/options": ["@solana/options@8.0.0", "", { "dependencies": { "@solana/codecs-core": "8.0.0", "@solana/codecs-data-structures": "8.0.0", "@solana/codecs-numbers": "8.0.0", "@solana/codecs-strings": "8.0.0", "@solana/errors": "8.0.0" }, "peerDependencies": { "typescript": ">=5.4.0" }, "optionalPeers": ["typescript"] }, "sha512-OOrtPfPOuJY2+jNUUUgm6d9pQewhs+fTaR6R6nRAGJOl2IVgmTOMQ6+mpj2nfH36bLXRNuXmJR7SCG64mMi8Dg=="],

    "@solana/rpc-api/@solana/codecs-strings/@solana/codecs-numbers": ["@solana/codecs-numbers@8.0.0", "", { "dependencies": { "@solana/codecs-core": "8.0.0", "@solana/errors": "8.0.0" }, "peerDependencies": { "typescript": ">=5.4.0" }, "optionalPeers": ["typescript"] }, "sha512-Islv8gZPQhVA1DvCk3KspTTw9r0z/qL6EWwN5/vvA9LYWe11RmNarJ+C0qxg1vPh2lQh8W6t/GcpZS/TJbHI0A=="],

    "@solana/transaction-confirmation/@solana/codecs-strings/@solana/codecs-numbers": ["@solana/codecs-numbers@8.0.0", "", { "dependencies": { "@solana/codecs-core": "8.0.0", "@solana/errors": "8.0.0" }, "peerDependencies": { "typescript": ">=5.4.0" }, "optionalPeers": ["typescript"] }, "sha512-Islv8gZPQhVA1DvCk3KspTTw9r0z/qL6EWwN5/vvA9LYWe11RmNarJ+C0qxg1vPh2lQh8W6t/GcpZS/TJbHI0A=="],

    "@solana/transaction-introspection/@solana/codecs-strings/@solana/codecs-numbers": ["@solana/codecs-numbers@8.0.0", "", { "dependencies": { "@solana/codecs-core": "8.0.0", "@solana/errors": "8.0.0" }, "peerDependencies": { "typescript": ">=5.4.0" }, "optionalPeers": ["typescript"] }, "sha512-Islv8gZPQhVA1DvCk3KspTTw9r0z/qL6EWwN5/vvA9LYWe11RmNarJ+C0qxg1vPh2lQh8W6t/GcpZS/TJbHI0A=="],
  }
}
